
Microsoft Visual Studio Solution File, Format Version 12.00
# Visual Studio Version 17
VisualStudioVersion = 17.14.36603.0 d17.14
MinimumVisualStudioVersion = 10.0.40219.1
Project("{FAE04EC0-301F-11D3-BF4B-00C04F79EFBC}") = "QazaqGeoReports", "QazaqGeoReports\QazaqGeoReports.csproj", "{D4DDFBA8-7C69-4A4D-8CFB-EF5C1DD71A8B}"
EndProject
Global
	GlobalSection(SolutionConfigurationPlatforms) = preSolution
		Debug|Any CPU = Debug|Any CPU
		Release|Any CPU = Release|Any CPU
	EndGlobalSection
	GlobalSection(ProjectConfigurationPlatforms) = postSolution
		{D4DDFBA8-7C69-4A4D-8CFB-EF5C1DD71A8B}.Debug|Any CPU.ActiveCfg = Debug|Any CPU
		{D4DDFBA8-7C69-4A4D-8CFB-EF5C1DD71A8B}.Debug|Any CPU.Build.0 = Debug|Any CPU
		{D4DDFBA8-7C69-4A4D-8CFB-EF5C1DD71A8B}.Release|Any CPU.ActiveCfg = Release|Any CPU
		{D4DDFBA8-7C69-4A4D-8CFB-EF5C1DD71A8B}.Release|Any CPU.Build.0 = Release|Any CPU
	EndGlobalSection
	GlobalSection(SolutionProperties) = preSolution
		HideSolutionNode = FALSE
	EndGlobalSection
	GlobalSection(ExtensibilityGlobals) = postSolution
		SolutionGuid = {274B902B-B971-438F-ADE4-5712C646CE2B}
	EndGlobalSection
EndGlobal
