
Microsoft Visual Studio Solution File, Format Version 12.00
# Visual Studio Version 17
VisualStudioVersion = 17.14.36603.0
MinimumVisualStudioVersion = 10.0.40219.1
Project("{FAE04EC0-301F-11D3-BF4B-00C04F79EFBC}") = "QazaqGeoReports.Domain", "QazaqGeoReports\QazaqGeoReports.Domain.csproj", "{D4DDFBA8-7C69-4A4D-8CFB-EF5C1DD71A8B}"
EndProject
Project("{FAE04EC0-301F-11D3-BF4B-00C04F79EFBC}") = "QazaqGeoReports.Application", "QazaqGeoReports.Application\QazaqGeoReports.Application.csproj", "{263F39C9-6F36-4509-9A30-5DACF16A5DE6}"
EndProject
Project("{FAE04EC0-301F-11D3-BF4B-00C04F79EFBC}") = "QazaqGeoReports.Infrastructure", "QazaqGeoReports.Infrastructure\QazaqGeoReports.Infrastructure.csproj", "{FDDE96AB-7444-42FC-8560-5EE62439F1BC}"
EndProject
Project("{FAE04EC0-301F-11D3-BF4B-00C04F79EFBC}") = "BlazorApp.UI", "BlazorApp.UI\BlazorApp.UI.csproj", "{47F936EE-2F7B-4528-A999-9FEDE14F465F}"
EndProject
Global
	GlobalSection(SolutionConfigurationPlatforms) = preSolution
		Debug|Any CPU = Debug|Any CPU
		Release|Any CPU = Release|Any CPU
	EndGlobalSection
	GlobalSection(ProjectConfigurationPlatforms) = postSolution
		{D4DDFBA8-7C69-4A4D-8CFB-EF5C1DD71A8B}.Debug|Any CPU.ActiveCfg = Debug|Any CPU
		{D4DDFBA8-7C69-4A4D-8CFB-EF5C1DD71A8B}.Debug|Any CPU.Build.0 = Debug|Any CPU
		{D4DDFBA8-7C69-4A4D-8CFB-EF5C1DD71A8B}.Release|Any CPU.ActiveCfg = Release|Any CPU
		{D4DDFBA8-7C69-4A4D-8CFB-EF5C1DD71A8B}.Release|Any CPU.Build.0 = Release|Any CPU
		{263F39C9-6F36-4509-9A30-5DACF16A5DE6}.Debug|Any CPU.ActiveCfg = Debug|Any CPU
		{263F39C9-6F36-4509-9A30-5DACF16A5DE6}.Debug|Any CPU.Build.0 = Debug|Any CPU
		{263F39C9-6F36-4509-9A30-5DACF16A5DE6}.Release|Any CPU.ActiveCfg = Release|Any CPU
		{263F39C9-6F36-4509-9A30-5DACF16A5DE6}.Release|Any CPU.Build.0 = Release|Any CPU
		{FDDE96AB-7444-42FC-8560-5EE62439F1BC}.Debug|Any CPU.ActiveCfg = Debug|Any CPU
		{FDDE96AB-7444-42FC-8560-5EE62439F1BC}.Debug|Any CPU.Build.0 = Debug|Any CPU
		{FDDE96AB-7444-42FC-8560-5EE62439F1BC}.Release|Any CPU.ActiveCfg = Release|Any CPU
		{FDDE96AB-7444-42FC-8560-5EE62439F1BC}.Release|Any CPU.Build.0 = Release|Any CPU
		{47F936EE-2F7B-4528-A999-9FEDE14F465F}.Debug|Any CPU.ActiveCfg = Debug|Any CPU
		{47F936EE-2F7B-4528-A999-9FEDE14F465F}.Debug|Any CPU.Build.0 = Debug|Any CPU
		{47F936EE-2F7B-4528-A999-9FEDE14F465F}.Release|Any CPU.ActiveCfg = Release|Any CPU
		{47F936EE-2F7B-4528-A999-9FEDE14F465F}.Release|Any CPU.Build.0 = Release|Any CPU
	EndGlobalSection
	GlobalSection(SolutionProperties) = preSolution
		HideSolutionNode = FALSE
	EndGlobalSection
	GlobalSection(ExtensibilityGlobals) = postSolution
		SolutionGuid = {274B902B-B971-438F-ADE4-5712C646CE2B}
	EndGlobalSection
EndGlobal
